{
  "name": "unit-tests",
  "version": "1.0.0",
  "lockfileVersion": 2,
  "requires": true,
  "packages": {
    "": {
      "name": "unit-tests",
      "version": "1.0.0",
      "license": "ISC",
      "devDependencies": {
        "@types/node": "^17.0.44"
      }
    },
    "node_modules/@types/node": {
      "version": "17.0.44",
      "resolved": "https://registry.npmjs.org/@types/node/-/node-17.0.44.tgz",
      "integrity": "sha512-gWYiOlu6Y4oyLYBvsJAPlwHbC8H4tX+tLsHy6Ee976wedwwZKrG2hFl3Y/HiH6bIyLTbDWQexQF/ohwKkOpUCg==",
      "dev": true
    }
  },
  "dependencies": {
    "@types/node": {
      "version": "17.0.44",
      "resolved": "https://registry.npmjs.org/@types/node/-/node-17.0.44.tgz",
      "integrity": "sha512-gWYiOlu6Y4oyLYBvsJAPlwHbC8H4tX+tLsHy6Ee976wedwwZKrG2hFl3Y/HiH6bIyLTbDWQexQF/ohwKkOpUCg==",
      "dev": true
    }
  }
}
